# THIS IS AN AUTOGENERATED FILE. DO NOT EDIT THIS FILE DIRECTLY.
# yarn lockfile v1


"@babel/helper-string-parser@^7.25.9":
  version "7.25.9"
  resolved "https://registry.yarnpkg.com/@babel/helper-string-parser/-/helper-string-parser-7.25.9.tgz#1aabb72ee72ed35789b4bbcad3ca2862ce614e8c"
  integrity sha512-4A/SCr/2KLd5jrtOMFzaKjVtAei3+2r/NChoBNoZ3EyP/+GlhoaEGoWOZUmFmoITP7zOJyHIMm+DYRd8o3PvHA==

"@babel/helper-validator-identifier@^7.25.9":
  version "7.25.9"
  resolved "https://registry.yarnpkg.com/@babel/helper-validator-identifier/-/helper-validator-identifier-7.25.9.tgz#24b64e2c3ec7cd3b3c547729b8d16871f22cbdc7"
  integrity sha512-Ed61U6XJc3CVRfkERJWDz4dJwKe7iLmmJsbOGu9wSloNSFttHV0I8g6UAgb7qnK5ly5bGLPd4oXZlxCdANBOWQ==

"@babel/parser@^7.25.3":
  version "7.26.5"
  resolved "https://registry.yarnpkg.com/@babel/parser/-/parser-7.26.5.tgz#6fec9aebddef25ca57a935c86dbb915ae2da3e1f"
  integrity sha512-SRJ4jYmXRqV1/Xc+TIVG84WjHBXKlxO9sHQnA2Pf12QQEAp1LOh6kDzNHXcUnbH1QI0FDoPPVOt+vyUDucxpaw==
  dependencies:
    "@babel/types" "^7.26.5"

"@babel/types@^7.26.5":
  version "7.26.5"
  resolved "https://registry.yarnpkg.com/@babel/types/-/types-7.26.5.tgz#7a1e1c01d28e26d1fe7f8ec9567b3b92b9d07747"
  integrity sha512-L6mZmwFDK6Cjh1nRCLXpa6no13ZIioJDz7mdkzHv399pThrTa/k0nUlNaenOeh2kWu/iaOQYElEpKPUswUa9Vg==
  dependencies:
    "@babel/helper-string-parser" "^7.25.9"
    "@babel/helper-validator-identifier" "^7.25.9"

"@esbuild/aix-ppc64@0.24.2":
  version "0.24.2"
  resolved "https://registry.yarnpkg.com/@esbuild/aix-ppc64/-/aix-ppc64-0.24.2.tgz#38848d3e25afe842a7943643cbcd387cc6e13461"
  integrity sha512-thpVCb/rhxE/BnMLQ7GReQLLN8q9qbHmI55F4489/ByVg2aQaQ6kbcLb6FHkocZzQhxc4gx0sCk0tJkKBFzDhA==

"@esbuild/android-arm64@0.24.2":
  version "0.24.2"
  resolved "https://registry.yarnpkg.com/@esbuild/android-arm64/-/android-arm64-0.24.2.tgz#f592957ae8b5643129fa889c79e69cd8669bb894"
  integrity sha512-cNLgeqCqV8WxfcTIOeL4OAtSmL8JjcN6m09XIgro1Wi7cF4t/THaWEa7eL5CMoMBdjoHOTh/vwTO/o2TRXIyzg==

"@esbuild/android-arm@0.24.2":
  version "0.24.2"
  resolved "https://registry.yarnpkg.com/@esbuild/android-arm/-/android-arm-0.24.2.tgz#72d8a2063aa630308af486a7e5cbcd1e134335b3"
  integrity sha512-tmwl4hJkCfNHwFB3nBa8z1Uy3ypZpxqxfTQOcHX+xRByyYgunVbZ9MzUUfb0RxaHIMnbHagwAxuTL+tnNM+1/Q==

"@esbuild/android-x64@0.24.2":
  version "0.24.2"
  resolved "https://registry.yarnpkg.com/@esbuild/android-x64/-/android-x64-0.24.2.tgz#9a7713504d5f04792f33be9c197a882b2d88febb"
  integrity sha512-B6Q0YQDqMx9D7rvIcsXfmJfvUYLoP722bgfBlO5cGvNVb5V/+Y7nhBE3mHV9OpxBf4eAS2S68KZztiPaWq4XYw==

"@esbuild/darwin-arm64@0.24.2":
  version "0.24.2"
  resolved "https://registry.yarnpkg.com/@esbuild/darwin-arm64/-/darwin-arm64-0.24.2.tgz#02ae04ad8ebffd6e2ea096181b3366816b2b5936"
  integrity sha512-kj3AnYWc+CekmZnS5IPu9D+HWtUI49hbnyqk0FLEJDbzCIQt7hg7ucF1SQAilhtYpIujfaHr6O0UHlzzSPdOeA==

"@esbuild/darwin-x64@0.24.2":
  version "0.24.2"
  resolved "https://registry.yarnpkg.com/@esbuild/darwin-x64/-/darwin-x64-0.24.2.tgz#9ec312bc29c60e1b6cecadc82bd504d8adaa19e9"
  integrity sha512-WeSrmwwHaPkNR5H3yYfowhZcbriGqooyu3zI/3GGpF8AyUdsrrP0X6KumITGA9WOyiJavnGZUwPGvxvwfWPHIA==

"@esbuild/freebsd-arm64@0.24.2":
  version "0.24.2"
  resolved "https://registry.yarnpkg.com/@esbuild/freebsd-arm64/-/freebsd-arm64-0.24.2.tgz#5e82f44cb4906d6aebf24497d6a068cfc152fa00"
  integrity sha512-UN8HXjtJ0k/Mj6a9+5u6+2eZ2ERD7Edt1Q9IZiB5UZAIdPnVKDoG7mdTVGhHJIeEml60JteamR3qhsr1r8gXvg==

"@esbuild/freebsd-x64@0.24.2":
  version "0.24.2"
  resolved "https://registry.yarnpkg.com/@esbuild/freebsd-x64/-/freebsd-x64-0.24.2.tgz#3fb1ce92f276168b75074b4e51aa0d8141ecce7f"
  integrity sha512-TvW7wE/89PYW+IevEJXZ5sF6gJRDY/14hyIGFXdIucxCsbRmLUcjseQu1SyTko+2idmCw94TgyaEZi9HUSOe3Q==

"@esbuild/linux-arm64@0.24.2":
  version "0.24.2"
  resolved "https://registry.yarnpkg.com/@esbuild/linux-arm64/-/linux-arm64-0.24.2.tgz#856b632d79eb80aec0864381efd29de8fd0b1f43"
  integrity sha512-7HnAD6074BW43YvvUmE/35Id9/NB7BeX5EoNkK9obndmZBUk8xmJJeU7DwmUeN7tkysslb2eSl6CTrYz6oEMQg==

"@esbuild/linux-arm@0.24.2":
  version "0.24.2"
  resolved "https://registry.yarnpkg.com/@esbuild/linux-arm/-/linux-arm-0.24.2.tgz#c846b4694dc5a75d1444f52257ccc5659021b736"
  integrity sha512-n0WRM/gWIdU29J57hJyUdIsk0WarGd6To0s+Y+LwvlC55wt+GT/OgkwoXCXvIue1i1sSNWblHEig00GBWiJgfA==

"@esbuild/linux-ia32@0.24.2":
  version "0.24.2"
  resolved "https://registry.yarnpkg.com/@esbuild/linux-ia32/-/linux-ia32-0.24.2.tgz#f8a16615a78826ccbb6566fab9a9606cfd4a37d5"
  integrity sha512-sfv0tGPQhcZOgTKO3oBE9xpHuUqguHvSo4jl+wjnKwFpapx+vUDcawbwPNuBIAYdRAvIDBfZVvXprIj3HA+Ugw==

"@esbuild/linux-loong64@0.24.2":
  version "0.24.2"
  resolved "https://registry.yarnpkg.com/@esbuild/linux-loong64/-/linux-loong64-0.24.2.tgz#1c451538c765bf14913512c76ed8a351e18b09fc"
  integrity sha512-CN9AZr8kEndGooS35ntToZLTQLHEjtVB5n7dl8ZcTZMonJ7CCfStrYhrzF97eAecqVbVJ7APOEe18RPI4KLhwQ==

"@esbuild/linux-mips64el@0.24.2":
  version "0.24.2"
  resolved "https://registry.yarnpkg.com/@esbuild/linux-mips64el/-/linux-mips64el-0.24.2.tgz#0846edeefbc3d8d50645c51869cc64401d9239cb"
  integrity sha512-iMkk7qr/wl3exJATwkISxI7kTcmHKE+BlymIAbHO8xanq/TjHaaVThFF6ipWzPHryoFsesNQJPE/3wFJw4+huw==

"@esbuild/linux-ppc64@0.24.2":
  version "0.24.2"
  resolved "https://registry.yarnpkg.com/@esbuild/linux-ppc64/-/linux-ppc64-0.24.2.tgz#8e3fc54505671d193337a36dfd4c1a23b8a41412"
  integrity sha512-shsVrgCZ57Vr2L8mm39kO5PPIb+843FStGt7sGGoqiiWYconSxwTiuswC1VJZLCjNiMLAMh34jg4VSEQb+iEbw==

"@esbuild/linux-riscv64@0.24.2":
  version "0.24.2"
  resolved "https://registry.yarnpkg.com/@esbuild/linux-riscv64/-/linux-riscv64-0.24.2.tgz#6a1e92096d5e68f7bb10a0d64bb5b6d1daf9a694"
  integrity sha512-4eSFWnU9Hhd68fW16GD0TINewo1L6dRrB+oLNNbYyMUAeOD2yCK5KXGK1GH4qD/kT+bTEXjsyTCiJGHPZ3eM9Q==

"@esbuild/linux-s390x@0.24.2":
  version "0.24.2"
  resolved "https://registry.yarnpkg.com/@esbuild/linux-s390x/-/linux-s390x-0.24.2.tgz#ab18e56e66f7a3c49cb97d337cd0a6fea28a8577"
  integrity sha512-S0Bh0A53b0YHL2XEXC20bHLuGMOhFDO6GN4b3YjRLK//Ep3ql3erpNcPlEFed93hsQAjAQDNsvcK+hV90FubSw==

"@esbuild/linux-x64@0.24.2":
  version "0.24.2"
  resolved "https://registry.yarnpkg.com/@esbuild/linux-x64/-/linux-x64-0.24.2.tgz#8140c9b40da634d380b0b29c837a0b4267aff38f"
  integrity sha512-8Qi4nQcCTbLnK9WoMjdC9NiTG6/E38RNICU6sUNqK0QFxCYgoARqVqxdFmWkdonVsvGqWhmm7MO0jyTqLqwj0Q==

"@esbuild/netbsd-arm64@0.24.2":
  version "0.24.2"
  resolved "https://registry.yarnpkg.com/@esbuild/netbsd-arm64/-/netbsd-arm64-0.24.2.tgz#65f19161432bafb3981f5f20a7ff45abb2e708e6"
  integrity sha512-wuLK/VztRRpMt9zyHSazyCVdCXlpHkKm34WUyinD2lzK07FAHTq0KQvZZlXikNWkDGoT6x3TD51jKQ7gMVpopw==

"@esbuild/netbsd-x64@0.24.2":
  version "0.24.2"
  resolved "https://registry.yarnpkg.com/@esbuild/netbsd-x64/-/netbsd-x64-0.24.2.tgz#7a3a97d77abfd11765a72f1c6f9b18f5396bcc40"
  integrity sha512-VefFaQUc4FMmJuAxmIHgUmfNiLXY438XrL4GDNV1Y1H/RW3qow68xTwjZKfj/+Plp9NANmzbH5R40Meudu8mmw==

"@esbuild/openbsd-arm64@0.24.2":
  version "0.24.2"
  resolved "https://registry.yarnpkg.com/@esbuild/openbsd-arm64/-/openbsd-arm64-0.24.2.tgz#58b00238dd8f123bfff68d3acc53a6ee369af89f"
  integrity sha512-YQbi46SBct6iKnszhSvdluqDmxCJA+Pu280Av9WICNwQmMxV7nLRHZfjQzwbPs3jeWnuAhE9Jy0NrnJ12Oz+0A==

"@esbuild/openbsd-x64@0.24.2":
  version "0.24.2"
  resolved "https://registry.yarnpkg.com/@esbuild/openbsd-x64/-/openbsd-x64-0.24.2.tgz#0ac843fda0feb85a93e288842936c21a00a8a205"
  integrity sha512-+iDS6zpNM6EnJyWv0bMGLWSWeXGN/HTaF/LXHXHwejGsVi+ooqDfMCCTerNFxEkM3wYVcExkeGXNqshc9iMaOA==

"@esbuild/sunos-x64@0.24.2":
  version "0.24.2"
  resolved "https://registry.yarnpkg.com/@esbuild/sunos-x64/-/sunos-x64-0.24.2.tgz#8b7aa895e07828d36c422a4404cc2ecf27fb15c6"
  integrity sha512-hTdsW27jcktEvpwNHJU4ZwWFGkz2zRJUz8pvddmXPtXDzVKTTINmlmga3ZzwcuMpUvLw7JkLy9QLKyGpD2Yxig==

"@esbuild/win32-arm64@0.24.2":
  version "0.24.2"
  resolved "https://registry.yarnpkg.com/@esbuild/win32-arm64/-/win32-arm64-0.24.2.tgz#c023afb647cabf0c3ed13f0eddfc4f1d61c66a85"
  integrity sha512-LihEQ2BBKVFLOC9ZItT9iFprsE9tqjDjnbulhHoFxYQtQfai7qfluVODIYxt1PgdoyQkz23+01rzwNwYfutxUQ==

"@esbuild/win32-ia32@0.24.2":
  version "0.24.2"
  resolved "https://registry.yarnpkg.com/@esbuild/win32-ia32/-/win32-ia32-0.24.2.tgz#96c356132d2dda990098c8b8b951209c3cd743c2"
  integrity sha512-q+iGUwfs8tncmFC9pcnD5IvRHAzmbwQ3GPS5/ceCyHdjXubwQWI12MKWSNSMYLJMq23/IUCvJMS76PDqXe1fxA==

"@esbuild/win32-x64@0.24.2":
  version "0.24.2"
  resolved "https://registry.yarnpkg.com/@esbuild/win32-x64/-/win32-x64-0.24.2.tgz#34aa0b52d0fbb1a654b596acfa595f0c7b77a77b"
  integrity sha512-7VTgWzgMGvup6aSqDPLiW5zHaxYJGTO4OokMjIlrCtf+VpEL+cXKtCvg723iguPYI5oaUNdS+/V7OU2gvXVWEg==

"@intlify/core-base@11.0.1":
  version "11.0.1"
  resolved "https://registry.yarnpkg.com/@intlify/core-base/-/core-base-11.0.1.tgz#f84564a5bd313879b32cea70e6e3d2fe9e1f128b"
  integrity sha512-NAmhw1l/llM0HZRpagR/ChJTNymW4ll6/4EDSJML5c8L5Hl/+k6UyF8EIgE6DeHpfheQujkSRngauViHqq6jJQ==
  dependencies:
    "@intlify/message-compiler" "11.0.1"
    "@intlify/shared" "11.0.1"

"@intlify/message-compiler@11.0.1":
  version "11.0.1"
  resolved "https://registry.yarnpkg.com/@intlify/message-compiler/-/message-compiler-11.0.1.tgz#7c159642e3a3c160dd25a15c17127c69d56b0561"
  integrity sha512-5RFH8x+Mn3mbjcHXnb6KCXGiczBdiQkWkv99iiA0JpKrNuTAQeW59Pjq/uObMB0eR0shnKYGTkIJxum+DbL3sw==
  dependencies:
    "@intlify/shared" "11.0.1"
    source-map-js "^1.0.2"

"@intlify/shared@11.0.1":
  version "11.0.1"
  resolved "https://registry.yarnpkg.com/@intlify/shared/-/shared-11.0.1.tgz#25ff7f038bbae903e2bc75bf862b2380fde07cc8"
  integrity sha512-lH164+aDDptHZ3dBDbIhRa1dOPQUp+83iugpc+1upTOWCnwyC1PVis6rSWNMMJ8VQxvtHQB9JMib48K55y0PvQ==

"@jridgewell/sourcemap-codec@^1.5.0":
  version "1.5.0"
  resolved "https://registry.yarnpkg.com/@jridgewell/sourcemap-codec/-/sourcemap-codec-1.5.0.tgz#3188bcb273a414b0d215fd22a58540b989b9409a"
  integrity sha512-gv3ZRaISU3fjPAgNsriBRqGWQL6quFx04YMPW/zD8XMLsU32mhCCbfbO6KZFLjvYpCZ8zyDEgqsgf+PwPaM7GQ==

"@rollup/rollup-android-arm-eabi@4.31.0":
  version "4.31.0"
  resolved "https://registry.yarnpkg.com/@rollup/rollup-android-arm-eabi/-/rollup-android-arm-eabi-4.31.0.tgz#d4dd60da0075a6ce9a6c76d71b8204f3e1822285"
  integrity sha512-9NrR4033uCbUBRgvLcBrJofa2KY9DzxL2UKZ1/4xA/mnTNyhZCWBuD8X3tPm1n4KxcgaraOYgrFKSgwjASfmlA==

"@rollup/rollup-android-arm64@4.31.0":
  version "4.31.0"
  resolved "https://registry.yarnpkg.com/@rollup/rollup-android-arm64/-/rollup-android-arm64-4.31.0.tgz#25c4d33259a7a2ccd2f52a5ffcc0bb3ab3f0729d"
  integrity sha512-iBbODqT86YBFHajxxF8ebj2hwKm1k8PTBQSojSt3d1FFt1gN+xf4CowE47iN0vOSdnd+5ierMHBbu/rHc7nq5g==

"@rollup/rollup-darwin-arm64@4.31.0":
  version "4.31.0"
  resolved "https://registry.yarnpkg.com/@rollup/rollup-darwin-arm64/-/rollup-darwin-arm64-4.31.0.tgz#d137dff254b19163a6b52ac083a71cd055dae844"
  integrity sha512-WHIZfXgVBX30SWuTMhlHPXTyN20AXrLH4TEeH/D0Bolvx9PjgZnn4H677PlSGvU6MKNsjCQJYczkpvBbrBnG6g==

"@rollup/rollup-darwin-x64@4.31.0":
  version "4.31.0"
  resolved "https://registry.yarnpkg.com/@rollup/rollup-darwin-x64/-/rollup-darwin-x64-4.31.0.tgz#58ff20b5dacb797d3adca19f02a21c532f9d55bf"
  integrity sha512-hrWL7uQacTEF8gdrQAqcDy9xllQ0w0zuL1wk1HV8wKGSGbKPVjVUv/DEwT2+Asabf8Dh/As+IvfdU+H8hhzrQQ==

"@rollup/rollup-freebsd-arm64@4.31.0":
  version "4.31.0"
  resolved "https://registry.yarnpkg.com/@rollup/rollup-freebsd-arm64/-/rollup-freebsd-arm64-4.31.0.tgz#96ce1a241c591ec3e068f4af765d94eddb24e60c"
  integrity sha512-S2oCsZ4hJviG1QjPY1h6sVJLBI6ekBeAEssYKad1soRFv3SocsQCzX6cwnk6fID6UQQACTjeIMB+hyYrFacRew==

"@rollup/rollup-freebsd-x64@4.31.0":
  version "4.31.0"
  resolved "https://registry.yarnpkg.com/@rollup/rollup-freebsd-x64/-/rollup-freebsd-x64-4.31.0.tgz#e59e7ede505be41f0b4311b0b943f8eb44938467"
  integrity sha512-pCANqpynRS4Jirn4IKZH4tnm2+2CqCNLKD7gAdEjzdLGbH1iO0zouHz4mxqg0uEMpO030ejJ0aA6e1PJo2xrPA==

"@rollup/rollup-linux-arm-gnueabihf@4.31.0":
  version "4.31.0"
  resolved "https://registry.yarnpkg.com/@rollup/rollup-linux-arm-gnueabihf/-/rollup-linux-arm-gnueabihf-4.31.0.tgz#e455ca6e4ff35bd46d62201c153352e717000a7b"
  integrity sha512-0O8ViX+QcBd3ZmGlcFTnYXZKGbFu09EhgD27tgTdGnkcYXLat4KIsBBQeKLR2xZDCXdIBAlWLkiXE1+rJpCxFw==

"@rollup/rollup-linux-arm-musleabihf@4.31.0":
  version "4.31.0"
  resolved "https://registry.yarnpkg.com/@rollup/rollup-linux-arm-musleabihf/-/rollup-linux-arm-musleabihf-4.31.0.tgz#bc1a93d807d19e70b1e343a5bfea43723bcd6327"
  integrity sha512-w5IzG0wTVv7B0/SwDnMYmbr2uERQp999q8FMkKG1I+j8hpPX2BYFjWe69xbhbP6J9h2gId/7ogesl9hwblFwwg==

"@rollup/rollup-linux-arm64-gnu@4.31.0":
  version "4.31.0"
  resolved "https://registry.yarnpkg.com/@rollup/rollup-linux-arm64-gnu/-/rollup-linux-arm64-gnu-4.31.0.tgz#f38bf843f1dc3d5de680caf31084008846e3efae"
  integrity sha512-JyFFshbN5xwy6fulZ8B/8qOqENRmDdEkcIMF0Zz+RsfamEW+Zabl5jAb0IozP/8UKnJ7g2FtZZPEUIAlUSX8cA==

"@rollup/rollup-linux-arm64-musl@4.31.0":
  version "4.31.0"
  resolved "https://registry.yarnpkg.com/@rollup/rollup-linux-arm64-musl/-/rollup-linux-arm64-musl-4.31.0.tgz#b3987a96c18b7287129cf735be2dbf83e94d9d05"
  integrity sha512-kpQXQ0UPFeMPmPYksiBL9WS/BDiQEjRGMfklVIsA0Sng347H8W2iexch+IEwaR7OVSKtr2ZFxggt11zVIlZ25g==

"@rollup/rollup-linux-loongarch64-gnu@4.31.0":
  version "4.31.0"
  resolved "https://registry.yarnpkg.com/@rollup/rollup-linux-loongarch64-gnu/-/rollup-linux-loongarch64-gnu-4.31.0.tgz#0f0324044e71c4f02e9f49e7ec4e347b655b34ee"
  integrity sha512-pMlxLjt60iQTzt9iBb3jZphFIl55a70wexvo8p+vVFK+7ifTRookdoXX3bOsRdmfD+OKnMozKO6XM4zR0sHRrQ==

"@rollup/rollup-linux-powerpc64le-gnu@4.31.0":
  version "4.31.0"
  resolved "https://registry.yarnpkg.com/@rollup/rollup-linux-powerpc64le-gnu/-/rollup-linux-powerpc64le-gnu-4.31.0.tgz#809479f27f1fd5b4eecd2aa732132ad952d454ba"
  integrity sha512-D7TXT7I/uKEuWiRkEFbed1UUYZwcJDU4vZQdPTcepK7ecPhzKOYk4Er2YR4uHKme4qDeIh6N3XrLfpuM7vzRWQ==

"@rollup/rollup-linux-riscv64-gnu@4.31.0":
  version "4.31.0"
  resolved "https://registry.yarnpkg.com/@rollup/rollup-linux-riscv64-gnu/-/rollup-linux-riscv64-gnu-4.31.0.tgz#7bc75c4f22db04d3c972f83431739cfa41c6a36e"
  integrity sha512-wal2Tc8O5lMBtoePLBYRKj2CImUCJ4UNGJlLwspx7QApYny7K1cUYlzQ/4IGQBLmm+y0RS7dwc3TDO/pmcneTw==

"@rollup/rollup-linux-s390x-gnu@4.31.0":
  version "4.31.0"
  resolved "https://registry.yarnpkg.com/@rollup/rollup-linux-s390x-gnu/-/rollup-linux-s390x-gnu-4.31.0.tgz#cfe8052345c55864d83ae343362cf1912480170e"
  integrity sha512-O1o5EUI0+RRMkK9wiTVpk2tyzXdXefHtRTIjBbmFREmNMy7pFeYXCFGbhKFwISA3UOExlo5GGUuuj3oMKdK6JQ==

"@rollup/rollup-linux-x64-gnu@4.31.0":
  version "4.31.0"
  resolved "https://registry.yarnpkg.com/@rollup/rollup-linux-x64-gnu/-/rollup-linux-x64-gnu-4.31.0.tgz#c6b048f1e25f3fea5b4bd246232f4d07a159c5a0"
  integrity sha512-zSoHl356vKnNxwOWnLd60ixHNPRBglxpv2g7q0Cd3Pmr561gf0HiAcUBRL3S1vPqRC17Zo2CX/9cPkqTIiai1g==

"@rollup/rollup-linux-x64-musl@4.31.0":
  version "4.31.0"
  resolved "https://registry.yarnpkg.com/@rollup/rollup-linux-x64-musl/-/rollup-linux-x64-musl-4.31.0.tgz#615273ac52d1a201f4de191cbd3389016a9d7d80"
  integrity sha512-ypB/HMtcSGhKUQNiFwqgdclWNRrAYDH8iMYH4etw/ZlGwiTVxBz2tDrGRrPlfZu6QjXwtd+C3Zib5pFqID97ZA==

"@rollup/rollup-win32-arm64-msvc@4.31.0":
  version "4.31.0"
  resolved "https://registry.yarnpkg.com/@rollup/rollup-win32-arm64-msvc/-/rollup-win32-arm64-msvc-4.31.0.tgz#32ed85810c1b831c648eca999d68f01255b30691"
  integrity sha512-JuhN2xdI/m8Hr+aVO3vspO7OQfUFO6bKLIRTAy0U15vmWjnZDLrEgCZ2s6+scAYaQVpYSh9tZtRijApw9IXyMw==

"@rollup/rollup-win32-ia32-msvc@4.31.0":
  version "4.31.0"
  resolved "https://registry.yarnpkg.com/@rollup/rollup-win32-ia32-msvc/-/rollup-win32-ia32-msvc-4.31.0.tgz#d47effada68bcbfdccd30c4a788d42e4542ff4d3"
  integrity sha512-U1xZZXYkvdf5MIWmftU8wrM5PPXzyaY1nGCI4KI4BFfoZxHamsIe+BtnPLIvvPykvQWlVbqUXdLa4aJUuilwLQ==

"@rollup/rollup-win32-x64-msvc@4.31.0":
  version "4.31.0"
  resolved "https://registry.yarnpkg.com/@rollup/rollup-win32-x64-msvc/-/rollup-win32-x64-msvc-4.31.0.tgz#7a2d89a82cf0388d60304964217dd7beac6de645"
  integrity sha512-ul8rnCsUumNln5YWwz0ted2ZHFhzhRRnkpBZ+YRuHoRAlUji9KChpOUOndY7uykrPEPXVbHLlsdo6v5yXo/TXw==

"@types/estree@1.0.6":
  version "1.0.6"
  resolved "https://registry.yarnpkg.com/@types/estree/-/estree-1.0.6.tgz#628effeeae2064a1b4e79f78e81d87b7e5fc7b50"
  integrity sha512-AYnb1nQyY49te+VRAVgmzfcgjYS91mY5P0TKUDCLEM+gNnA+3T6rWITXRLYCpahpqSQbN5cE+gHpnPyXjHWxcw==

"@types/node@^22.10.9":
  version "22.10.9"
  resolved "https://registry.yarnpkg.com/@types/node/-/node-22.10.9.tgz#b62b5e8485b9b412262466209280405525320108"
  integrity sha512-Ir6hwgsKyNESl/gLOcEz3krR4CBGgliDqBQ2ma4wIhEx0w+xnoeTq3tdrNw15kU3SxogDjOgv9sqdtLW8mIHaw==
  dependencies:
    undici-types "~6.20.0"

"@vitejs/plugin-vue@^5.2.1":
  version "5.2.1"
  resolved "https://registry.yarnpkg.com/@vitejs/plugin-vue/-/plugin-vue-5.2.1.tgz#d1491f678ee3af899f7ae57d9c21dc52a65c7133"
  integrity sha512-cxh314tzaWwOLqVes2gnnCtvBDcM1UMdn+iFR+UjAn411dPT3tOmqrJjbMd7koZpMAmBM/GqeV4n9ge7JSiJJQ==

"@volar/language-core@2.4.11", "@volar/language-core@~2.4.11":
  version "2.4.11"
  resolved "https://registry.yarnpkg.com/@volar/language-core/-/language-core-2.4.11.tgz#d95a9ec4f14fbdb41a6a64f9f321d11d23a5291c"
  integrity sha512-lN2C1+ByfW9/JRPpqScuZt/4OrUUse57GLI6TbLgTIqBVemdl1wNcZ1qYGEo2+Gw8coYLgCy7SuKqn6IrQcQgg==
  dependencies:
    "@volar/source-map" "2.4.11"

"@volar/source-map@2.4.11":
  version "2.4.11"
  resolved "https://registry.yarnpkg.com/@volar/source-map/-/source-map-2.4.11.tgz#5876d4531508129724c2755e295db1df98bd5895"
  integrity sha512-ZQpmafIGvaZMn/8iuvCFGrW3smeqkq/IIh9F1SdSx9aUl0J4Iurzd6/FhmjNO5g2ejF3rT45dKskgXWiofqlZQ==

"@volar/typescript@~2.4.11":
  version "2.4.11"
  resolved "https://registry.yarnpkg.com/@volar/typescript/-/typescript-2.4.11.tgz#aafbfa413337654db211bf4d8fb6670c89f6fa57"
  integrity sha512-2DT+Tdh88Spp5PyPbqhyoYavYCPDsqbHLFwcUI9K1NlY1YgUJvujGdrqUp0zWxnW7KWNTr3xSpMuv2WnaTKDAw==
  dependencies:
    "@volar/language-core" "2.4.11"
    path-browserify "^1.0.1"
    vscode-uri "^3.0.8"

"@vue/compiler-core@3.5.13":
  version "3.5.13"
  resolved "https://registry.yarnpkg.com/@vue/compiler-core/-/compiler-core-3.5.13.tgz#b0ae6c4347f60c03e849a05d34e5bf747c9bda05"
  integrity sha512-oOdAkwqUfW1WqpwSYJce06wvt6HljgY3fGeM9NcVA1HaYOij3mZG9Rkysn0OHuyUAGMbEbARIpsG+LPVlBJ5/Q==
  dependencies:
    "@babel/parser" "^7.25.3"
    "@vue/shared" "3.5.13"
    entities "^4.5.0"
    estree-walker "^2.0.2"
    source-map-js "^1.2.0"

"@vue/compiler-dom@3.5.13", "@vue/compiler-dom@^3.5.0":
  version "3.5.13"
  resolved "https://registry.yarnpkg.com/@vue/compiler-dom/-/compiler-dom-3.5.13.tgz#bb1b8758dbc542b3658dda973b98a1c9311a8a58"
  integrity sha512-ZOJ46sMOKUjO3e94wPdCzQ6P1Lx/vhp2RSvfaab88Ajexs0AHeV0uasYhi99WPaogmBlRHNRuly8xV75cNTMDA==
  dependencies:
    "@vue/compiler-core" "3.5.13"
    "@vue/shared" "3.5.13"

"@vue/compiler-sfc@3.5.13":
  version "3.5.13"
  resolved "https://registry.yarnpkg.com/@vue/compiler-sfc/-/compiler-sfc-3.5.13.tgz#461f8bd343b5c06fac4189c4fef8af32dea82b46"
  integrity sha512-6VdaljMpD82w6c2749Zhf5T9u5uLBWKnVue6XWxprDobftnletJ8+oel7sexFfM3qIxNmVE7LSFGTpv6obNyaQ==
  dependencies:
    "@babel/parser" "^7.25.3"
    "@vue/compiler-core" "3.5.13"
    "@vue/compiler-dom" "3.5.13"
    "@vue/compiler-ssr" "3.5.13"
    "@vue/shared" "3.5.13"
    estree-walker "^2.0.2"
    magic-string "^0.30.11"
    postcss "^8.4.48"
    source-map-js "^1.2.0"

"@vue/compiler-ssr@3.5.13":
  version "3.5.13"
  resolved "https://registry.yarnpkg.com/@vue/compiler-ssr/-/compiler-ssr-3.5.13.tgz#e771adcca6d3d000f91a4277c972a996d07f43ba"
  integrity sha512-wMH6vrYHxQl/IybKJagqbquvxpWCuVYpoUJfCqFZwa/JY1GdATAQ+TgVtgrwwMZ0D07QhA99rs/EAAWfvG6KpA==
  dependencies:
    "@vue/compiler-dom" "3.5.13"
    "@vue/shared" "3.5.13"

"@vue/compiler-vue2@^2.7.16":
  version "2.7.16"
  resolved "https://registry.yarnpkg.com/@vue/compiler-vue2/-/compiler-vue2-2.7.16.tgz#2ba837cbd3f1b33c2bc865fbe1a3b53fb611e249"
  integrity sha512-qYC3Psj9S/mfu9uVi5WvNZIzq+xnXMhOwbTFKKDD7b1lhpnn71jXSFdTQ+WsIEk0ONCd7VV2IMm7ONl6tbQ86A==
  dependencies:
    de-indent "^1.0.2"
    he "^1.2.0"

"@vue/devtools-api@^6.5.0", "@vue/devtools-api@^6.6.4":
  version "6.6.4"
  resolved "https://registry.yarnpkg.com/@vue/devtools-api/-/devtools-api-6.6.4.tgz#cbe97fe0162b365edc1dba80e173f90492535343"
  integrity sha512-sGhTPMuXqZ1rVOk32RylztWkfXTRhuS7vgAKv0zjqk8gbsHkJ7xfFf+jbySxt7tWObEJwyKaHMikV/WGDiQm8g==

"@vue/language-core@2.2.0":
  version "2.2.0"
  resolved "https://registry.yarnpkg.com/@vue/language-core/-/language-core-2.2.0.tgz#e48c54584f889f78b120ce10a050dfb316c7fcdf"
  integrity sha512-O1ZZFaaBGkKbsRfnVH1ifOK1/1BUkyK+3SQsfnh6PmMmD4qJcTU8godCeA96jjDRTL6zgnK7YzCHfaUlH2r0Mw==
  dependencies:
    "@volar/language-core" "~2.4.11"
    "@vue/compiler-dom" "^3.5.0"
    "@vue/compiler-vue2" "^2.7.16"
    "@vue/shared" "^3.5.0"
    alien-signals "^0.4.9"
    minimatch "^9.0.3"
    muggle-string "^0.4.1"
    path-browserify "^1.0.1"

"@vue/reactivity@3.5.13":
  version "3.5.13"
  resolved "https://registry.yarnpkg.com/@vue/reactivity/-/reactivity-3.5.13.tgz#b41ff2bb865e093899a22219f5b25f97b6fe155f"
  integrity sha512-NaCwtw8o48B9I6L1zl2p41OHo/2Z4wqYGGIK1Khu5T7yxrn+ATOixn/Udn2m+6kZKB/J7cuT9DbWWhRxqixACg==
  dependencies:
    "@vue/shared" "3.5.13"

"@vue/runtime-core@3.5.13":
  version "3.5.13"
  resolved "https://registry.yarnpkg.com/@vue/runtime-core/-/runtime-core-3.5.13.tgz#1fafa4bf0b97af0ebdd9dbfe98cd630da363a455"
  integrity sha512-Fj4YRQ3Az0WTZw1sFe+QDb0aXCerigEpw418pw1HBUKFtnQHWzwojaukAs2X/c9DQz4MQ4bsXTGlcpGxU/RCIw==
  dependencies:
    "@vue/reactivity" "3.5.13"
    "@vue/shared" "3.5.13"

"@vue/runtime-dom@3.5.13":
  version "3.5.13"
  resolved "https://registry.yarnpkg.com/@vue/runtime-dom/-/runtime-dom-3.5.13.tgz#610fc795de9246300e8ae8865930d534e1246215"
  integrity sha512-dLaj94s93NYLqjLiyFzVs9X6dWhTdAlEAciC3Moq7gzAc13VJUdCnjjRurNM6uTLFATRHexHCTu/Xp3eW6yoog==
  dependencies:
    "@vue/reactivity" "3.5.13"
    "@vue/runtime-core" "3.5.13"
    "@vue/shared" "3.5.13"
    csstype "^3.1.3"

"@vue/server-renderer@3.5.13":
  version "3.5.13"
  resolved "https://registry.yarnpkg.com/@vue/server-renderer/-/server-renderer-3.5.13.tgz#429ead62ee51de789646c22efe908e489aad46f7"
  integrity sha512-wAi4IRJV/2SAW3htkTlB+dHeRmpTiVIK1OGLWV1yeStVSebSQQOwGwIq0D3ZIoBj2C2qpgz5+vX9iEBkTdk5YA==
  dependencies:
    "@vue/compiler-ssr" "3.5.13"
    "@vue/shared" "3.5.13"

"@vue/shared@3.5.13", "@vue/shared@^3.5.0":
  version "3.5.13"
  resolved "https://registry.yarnpkg.com/@vue/shared/-/shared-3.5.13.tgz#87b309a6379c22b926e696893237826f64339b6f"
  integrity sha512-/hnE/qP5ZoGpol0a5mDi45bOd7t3tjYJBjsgCsivow7D48cJeV5l05RD82lPqi7gRiphZM37rnhW1l6ZoCNNnQ==

"@vue/tsconfig@^0.7.0":
  version "0.7.0"
  resolved "https://registry.yarnpkg.com/@vue/tsconfig/-/tsconfig-0.7.0.tgz#67044c847b7a137b8cbfd6b23104c36dbaf80d1d"
  integrity sha512-ku2uNz5MaZ9IerPPUyOHzyjhXoX2kVJaVf7hL315DC17vS6IiZRmmCPfggNbU16QTvM80+uYYy3eYJB59WCtvg==

"@vuelidate/core@^2.0.3":
  version "2.0.3"
  resolved "https://registry.yarnpkg.com/@vuelidate/core/-/core-2.0.3.tgz#40468c5ed15b72bde880a026b0699c2f0f1ecede"
  integrity sha512-AN6l7KF7+mEfyWG0doT96z+47ljwPpZfi9/JrNMkOGLFv27XVZvKzRLXlmDPQjPl/wOB1GNnHuc54jlCLRNqGA==
  dependencies:
    vue-demi "^0.13.11"

"@vuelidate/validators@^2.0.4":
  version "2.0.4"
  resolved "https://registry.yarnpkg.com/@vuelidate/validators/-/validators-2.0.4.tgz#0a88a7b2b18f15fd9c384095593f369a6f7384e9"
  integrity sha512-odTxtUZ2JpwwiQ10t0QWYJkkYrfd0SyFYhdHH44QQ1jDatlZgTh/KRzrWVmn/ib9Gq7H4hFD4e8ahoo5YlUlDw==
  dependencies:
    vue-demi "^0.13.11"

add@^2.0.6:
  version "2.0.6"
  resolved "https://registry.yarnpkg.com/add/-/add-2.0.6.tgz#248f0a9f6e5a528ef2295dbeec30532130ae2235"
  integrity sha512-j5QzrmsokwWWp6kUcJQySpbG+xfOBqqKnup3OIk1pz+kB/80SLorZ9V8zHFLO92Lcd+hbvq8bT+zOGoPkmBV0Q==

alien-signals@^0.4.9:
  version "0.4.14"
  resolved "https://registry.yarnpkg.com/alien-signals/-/alien-signals-0.4.14.tgz#9ff8f72a272300a51692f54bd9bbbada78fbf539"
  integrity sha512-itUAVzhczTmP2U5yX67xVpsbbOiquusbWVyA9N+sy6+r6YVbFkahXvNCeEPWEOMhwDYwbVbGHFkVL03N9I5g+Q==

asynckit@^0.4.0:
  version "0.4.0"
  resolved "https://registry.yarnpkg.com/asynckit/-/asynckit-0.4.0.tgz#c79ed97f7f34cb8f2ba1bc9790bcc366474b4b79"
  integrity sha512-Oei9OH4tRh0YqU3GxhX79dM/mwVgvbZJaSNaRk+bshkj0S5cfHcgYakreBjrHwatXKbz+IoIdYLxrKim2MjW0Q==

axios@^1.7.9:
  version "1.7.9"
  resolved "https://registry.yarnpkg.com/axios/-/axios-1.7.9.tgz#d7d071380c132a24accda1b2cfc1535b79ec650a"
  integrity sha512-LhLcE7Hbiryz8oMDdDptSrWowmB4Bl6RCt6sIJKpRB4XtVf0iEgewX3au/pJqm+Py1kCASkb/FFKjxQaLtxJvw==
  dependencies:
    follow-redirects "^1.15.6"
    form-data "^4.0.0"
    proxy-from-env "^1.1.0"

balanced-match@^1.0.0:
  version "1.0.2"
  resolved "https://registry.yarnpkg.com/balanced-match/-/balanced-match-1.0.2.tgz#e83e3a7e3f300b34cb9d87f615fa0cbf357690ee"
  integrity sha512-3oSeUO0TMV67hN1AmbXsK4yaqU7tjiHlbxRDZOpH0KW9+CeX4bRAaX0Anxt0tx2MrpRpWwQaPwIlISEJhYU5Pw==

bootstrap@4.5.2:
  version "4.5.2"
  resolved "https://registry.yarnpkg.com/bootstrap/-/bootstrap-4.5.2.tgz#a85c4eda59155f0d71186b6e6ad9b875813779ab"
  integrity sha512-vlGn0bcySYl/iV+BGA544JkkZP5LB3jsmkeKLFQakCOwCM3AOk7VkldBz4jrzSe+Z0Ezn99NVXa1o45cQY4R6A==

brace-expansion@^2.0.1:
  version "2.0.1"
  resolved "https://registry.yarnpkg.com/brace-expansion/-/brace-expansion-2.0.1.tgz#1edc459e0f0c548486ecf9fc99f2221364b9a0ae"
  integrity sha512-XnAIvQ8eM+kC6aULx6wuQiwVsnzsi9d3WxzV3FpWTGA19F621kwdbsAcFKXgKUHZWsy+mY6iL1sHTxWEFCytDA==
  dependencies:
    balanced-match "^1.0.0"

combined-stream@^1.0.8:
  version "1.0.8"
  resolved "https://registry.yarnpkg.com/combined-stream/-/combined-stream-1.0.8.tgz#c3d45a8b34fd730631a110a8a2520682b31d5a7f"
  integrity sha512-FQN4MRfuJeHf7cBbBMJFXhKSDq+2kAArBlmRBvcvFE5BB1HZKXtSFASDhdlz9zOYwxh8lDdnvmMOe/+5cdoEdg==
  dependencies:
    delayed-stream "~1.0.0"

csstype@^3.1.3:
  version "3.1.3"
  resolved "https://registry.yarnpkg.com/csstype/-/csstype-3.1.3.tgz#d80ff294d114fb0e6ac500fbf85b60137d7eff81"
  integrity sha512-M1uQkMl8rQK/szD0LNhtqxIPLpimGm8sOBwU7lLnCpSbTyY3yeU1Vc7l4KT5zT4s/yOxHH5O7tIuuLOCnLADRw==

de-indent@^1.0.2:
  version "1.0.2"
  resolved "https://registry.yarnpkg.com/de-indent/-/de-indent-1.0.2.tgz#b2038e846dc33baa5796128d0804b455b8c1e21d"
  integrity sha512-e/1zu3xH5MQryN2zdVaF0OrdNLUbvWxzMbi+iNA6Bky7l1RoP8a2fIbRocyHclXt/arDrrR6lL3TqFD9pMQTsg==

delayed-stream@~1.0.0:
  version "1.0.0"
  resolved "https://registry.yarnpkg.com/delayed-stream/-/delayed-stream-1.0.0.tgz#df3ae199acadfb7d440aaae0b29e2272b24ec619"
  integrity sha512-ZySD7Nf91aLB0RxL4KGrKHBXl7Eds1DAmEdcoVawXnLD7SDhpNgtuII2aAkg7a7QS41jxPSZ17p4VdGnMHk3MQ==

entities@^4.5.0:
  version "4.5.0"
  resolved "https://registry.yarnpkg.com/entities/-/entities-4.5.0.tgz#5d268ea5e7113ec74c4d033b79ea5a35a488fb48"
  integrity sha512-V0hjH4dGPh9Ao5p0MoRY6BVqtwCjhz6vI5LT8AJ55H+4g9/4vbHx1I54fS0XuclLhDHArPQCiMjDxjaL8fPxhw==

esbuild@^0.24.2:
  version "0.24.2"
  resolved "https://registry.yarnpkg.com/esbuild/-/esbuild-0.24.2.tgz#b5b55bee7de017bff5fb8a4e3e44f2ebe2c3567d"
  integrity sha512-+9egpBW8I3CD5XPe0n6BfT5fxLzxrlDzqydF3aviG+9ni1lDC/OvMHcxqEFV0+LANZG5R1bFMWfUrjVsdwxJvA==
  optionalDependencies:
    "@esbuild/aix-ppc64" "0.24.2"
    "@esbuild/android-arm" "0.24.2"
    "@esbuild/android-arm64" "0.24.2"
    "@esbuild/android-x64" "0.24.2"
    "@esbuild/darwin-arm64" "0.24.2"
    "@esbuild/darwin-x64" "0.24.2"
    "@esbuild/freebsd-arm64" "0.24.2"
    "@esbuild/freebsd-x64" "0.24.2"
    "@esbuild/linux-arm" "0.24.2"
    "@esbuild/linux-arm64" "0.24.2"
    "@esbuild/linux-ia32" "0.24.2"
    "@esbuild/linux-loong64" "0.24.2"
    "@esbuild/linux-mips64el" "0.24.2"
    "@esbuild/linux-ppc64" "0.24.2"
    "@esbuild/linux-riscv64" "0.24.2"
    "@esbuild/linux-s390x" "0.24.2"
    "@esbuild/linux-x64" "0.24.2"
    "@esbuild/netbsd-arm64" "0.24.2"
    "@esbuild/netbsd-x64" "0.24.2"
    "@esbuild/openbsd-arm64" "0.24.2"
    "@esbuild/openbsd-x64" "0.24.2"
    "@esbuild/sunos-x64" "0.24.2"
    "@esbuild/win32-arm64" "0.24.2"
    "@esbuild/win32-ia32" "0.24.2"
    "@esbuild/win32-x64" "0.24.2"

estree-walker@^2.0.2:
  version "2.0.2"
  resolved "https://registry.yarnpkg.com/estree-walker/-/estree-walker-2.0.2.tgz#52f010178c2a4c117a7757cfe942adb7d2da4cac"
  integrity sha512-Rfkk/Mp/DL7JVje3u18FxFujQlTNR2q6QfMSMB7AvCBx91NGj/ba3kCfza0f6dVDbw7YlRf/nDrn7pQrCCyQ/w==

follow-redirects@^1.15.6:
  version "1.15.9"
  resolved "https://registry.yarnpkg.com/follow-redirects/-/follow-redirects-1.15.9.tgz#a604fa10e443bf98ca94228d9eebcc2e8a2c8ee1"
  integrity sha512-gew4GsXizNgdoRyqmyfMHyAmXsZDk6mHkSxZFCzW9gwlbtOW44CDtYavM+y+72qD/Vq2l550kMF52DT8fOLJqQ==

font-awesome@^4.7.0:
  version "4.7.0"
  resolved "https://registry.yarnpkg.com/font-awesome/-/font-awesome-4.7.0.tgz#8fa8cf0411a1a31afd07b06d2902bb9fc815a133"
  integrity sha512-U6kGnykA/6bFmg1M/oT9EkFeIYv7JlX3bozwQJWiiLz6L0w3F5vBVPxHlwyX/vtNq1ckcpRKOB9f2Qal/VtFpg==

form-data@^4.0.0:
  version "4.0.1"
  resolved "https://registry.yarnpkg.com/form-data/-/form-data-4.0.1.tgz#ba1076daaaa5bfd7e99c1a6cb02aa0a5cff90d48"
  integrity sha512-tzN8e4TX8+kkxGPK8D5u0FNmjPUjw3lwC9lSLxxoB/+GtsJG91CO8bSWy73APlgAZzZbXEYZJuxjkHH2w+Ezhw==
  dependencies:
    asynckit "^0.4.0"
    combined-stream "^1.0.8"
    mime-types "^2.1.12"

fsevents@~2.3.2, fsevents@~2.3.3:
  version "2.3.3"
  resolved "https://registry.yarnpkg.com/fsevents/-/fsevents-2.3.3.tgz#cac6407785d03675a2a5e1a5305c697b347d90d6"
  integrity sha512-5xoDfX+fL7faATnagmWPpbFtwh/R77WmMMqqHGS65C3vvB0YHrgF+B1YmZ3441tMj5n63k0212XNoJwzlhffQw==

he@^1.2.0:
  version "1.2.0"
  resolved "https://registry.yarnpkg.com/he/-/he-1.2.0.tgz#84ae65fa7eafb165fddb61566ae14baf05664f0f"
  integrity sha512-F/1DnUGPopORZi0ni+CvrCgHQ5FyEAHRLSApuYWMmrbSwoN2Mn/7k+Gl38gJnR7yyDZk6WLXwiGod1JOWNDKGw==

magic-string@^0.30.11:
  version "0.30.17"
  resolved "https://registry.yarnpkg.com/magic-string/-/magic-string-0.30.17.tgz#450a449673d2460e5bbcfba9a61916a1714c7453"
  integrity sha512-sNPKHvyjVf7gyjwS4xGTaW/mCnF8wnjtifKBEhxfZ7E/S8tQ0rssrwGNn6q8JH/ohItJfSQp9mBtQYuTlH5QnA==
  dependencies:
    "@jridgewell/sourcemap-codec" "^1.5.0"

mime-db@1.52.0:
  version "1.52.0"
  resolved "https://registry.yarnpkg.com/mime-db/-/mime-db-1.52.0.tgz#bbabcdc02859f4987301c856e3387ce5ec43bf70"
  integrity sha512-sPU4uV7dYlvtWJxwwxHD0PuihVNiE7TyAbQ5SWxDCB9mUYvOgroQOwYQQOKPJ8CIbE+1ETVlOoK1UC2nU3gYvg==

mime-types@^2.1.12:
  version "2.1.35"
  resolved "https://registry.yarnpkg.com/mime-types/-/mime-types-2.1.35.tgz#381a871b62a734450660ae3deee44813f70d959a"
  integrity sha512-ZDY+bPm5zTTF+YpCrAU9nK0UgICYPT0QtT1NZWFv4s++TNkcgVaT0g6+4R2uI4MjQjzysHB1zxuWL50hzaeXiw==
  dependencies:
    mime-db "1.52.0"

minimatch@^9.0.3:
  version "9.0.5"
  resolved "https://registry.yarnpkg.com/minimatch/-/minimatch-9.0.5.tgz#d74f9dd6b57d83d8e98cfb82133b03978bc929e5"
  integrity sha512-G6T0ZX48xgozx7587koeX9Ys2NYy6Gmv//P89sEte9V9whIapMNF4idKxnW2QtCcLiTWlb/wfCabAtAFWhhBow==
  dependencies:
    brace-expansion "^2.0.1"

muggle-string@^0.4.1:
  version "0.4.1"
  resolved "https://registry.yarnpkg.com/muggle-string/-/muggle-string-0.4.1.tgz#3b366bd43b32f809dc20659534dd30e7c8a0d328"
  integrity sha512-VNTrAak/KhO2i8dqqnqnAHOa3cYBwXEZe9h+D5h/1ZqFSTEFHdM65lR7RoIqq3tBBYavsOXV84NoHXZ0AkPyqQ==

nanoid@^3.3.8:
  version "3.3.8"
  resolved "https://registry.yarnpkg.com/nanoid/-/nanoid-3.3.8.tgz#b1be3030bee36aaff18bacb375e5cce521684baf"
  integrity sha512-WNLf5Sd8oZxOm+TzppcYk8gVOgP+l58xNy58D0nbUnOxOWRWvlcCV4kUF7ltmI6PsrLl/BgKEyS4mqsGChFN0w==

path-browserify@^1.0.1:
  version "1.0.1"
  resolved "https://registry.yarnpkg.com/path-browserify/-/path-browserify-1.0.1.tgz#d98454a9c3753d5790860f16f68867b9e46be1fd"
  integrity sha512-b7uo2UCUOYZcnF/3ID0lulOJi/bafxa1xPe7ZPsammBSpjSWQkjNxlt635YGS2MiR9GjvuXCtz2emr3jbsz98g==

picocolors@^1.1.1:
  version "1.1.1"
  resolved "https://registry.yarnpkg.com/picocolors/-/picocolors-1.1.1.tgz#3d321af3eab939b083c8f929a1d12cda81c26b6b"
  integrity sha512-xceH2snhtb5M9liqDsmEw56le376mTZkEX/jEb/RxNFyegNul7eNslCXP9FDj/Lcu0X8KEyMceP2ntpaHrDEVA==

postcss@^8.4.48, postcss@^8.4.49:
  version "8.5.1"
  resolved "https://registry.yarnpkg.com/postcss/-/postcss-8.5.1.tgz#e2272a1f8a807fafa413218245630b5db10a3214"
  integrity sha512-6oz2beyjc5VMn/KV1pPw8fliQkhBXrVn1Z3TVyqZxU8kZpzEKhBdmCFqI6ZbmGtamQvQGuU1sgPTk8ZrXDD7jQ==
  dependencies:
    nanoid "^3.3.8"
    picocolors "^1.1.1"
    source-map-js "^1.2.1"

proxy-from-env@^1.1.0:
  version "1.1.0"
  resolved "https://registry.yarnpkg.com/proxy-from-env/-/proxy-from-env-1.1.0.tgz#e102f16ca355424865755d2c9e8ea4f24d58c3e2"
  integrity sha512-D+zkORCbA9f1tdWRK0RaCR3GPv50cMxcrz4X8k5LTSUD1Dkw47mKJEZQNunItRTkWwgtaUSo1RVFRIG9ZXiFYg==

rollup@^4.23.0:
  version "4.31.0"
  resolved "https://registry.yarnpkg.com/rollup/-/rollup-4.31.0.tgz#b84af969a0292cb047dce2c0ec5413a9457597a4"
  integrity sha512-9cCE8P4rZLx9+PjoyqHLs31V9a9Vpvfo4qNcs6JCiGWYhw2gijSetFbH6SSy1whnkgcefnUwr8sad7tgqsGvnw==
  dependencies:
    "@types/estree" "1.0.6"
  optionalDependencies:
    "@rollup/rollup-android-arm-eabi" "4.31.0"
    "@rollup/rollup-android-arm64" "4.31.0"
    "@rollup/rollup-darwin-arm64" "4.31.0"
    "@rollup/rollup-darwin-x64" "4.31.0"
    "@rollup/rollup-freebsd-arm64" "4.31.0"
    "@rollup/rollup-freebsd-x64" "4.31.0"
    "@rollup/rollup-linux-arm-gnueabihf" "4.31.0"
    "@rollup/rollup-linux-arm-musleabihf" "4.31.0"
    "@rollup/rollup-linux-arm64-gnu" "4.31.0"
    "@rollup/rollup-linux-arm64-musl" "4.31.0"
    "@rollup/rollup-linux-loongarch64-gnu" "4.31.0"
    "@rollup/rollup-linux-powerpc64le-gnu" "4.31.0"
    "@rollup/rollup-linux-riscv64-gnu" "4.31.0"
    "@rollup/rollup-linux-s390x-gnu" "4.31.0"
    "@rollup/rollup-linux-x64-gnu" "4.31.0"
    "@rollup/rollup-linux-x64-musl" "4.31.0"
    "@rollup/rollup-win32-arm64-msvc" "4.31.0"
    "@rollup/rollup-win32-ia32-msvc" "4.31.0"
    "@rollup/rollup-win32-x64-msvc" "4.31.0"
    fsevents "~2.3.2"

source-map-js@^1.0.2, source-map-js@^1.2.0, source-map-js@^1.2.1:
  version "1.2.1"
  resolved "https://registry.yarnpkg.com/source-map-js/-/source-map-js-1.2.1.tgz#1ce5650fddd87abc099eda37dcff024c2667ae46"
  integrity sha512-UXWMKhLOwVKb728IUtQPXxfYU+usdybtUrK/8uGE8CQMvrhOpwvzDBwj0QhSL7MQc7vIsISBG8VQ8+IDQxpfQA==

typescript@~5.6.2:
  version "5.6.3"
  resolved "https://registry.yarnpkg.com/typescript/-/typescript-5.6.3.tgz#5f3449e31c9d94febb17de03cc081dd56d81db5b"
  integrity sha512-hjcS1mhfuyi4WW8IWtjP7brDrG2cuDZukyrYrSauoXGNgx0S7zceP07adYkJycEr56BOUTNPzbInooiN3fn1qw==

undici-types@~6.20.0:
  version "6.20.0"
  resolved "https://registry.yarnpkg.com/undici-types/-/undici-types-6.20.0.tgz#8171bf22c1f588d1554d55bf204bc624af388433"
  integrity sha512-Ny6QZ2Nju20vw1SRHe3d9jVu6gJ+4e3+MMpqu7pqE5HT6WsTSlce++GQmK5UXS8mzV8DSYHrQH+Xrf2jVcuKNg==

vite@^6.0.5:
  version "6.0.11"
  resolved "https://registry.yarnpkg.com/vite/-/vite-6.0.11.tgz#224497e93e940b34c3357c9ebf2ec20803091ed8"
  integrity sha512-4VL9mQPKoHy4+FE0NnRE/kbY51TOfaknxAjt3fJbGJxhIpBZiqVzlZDEesWWsuREXHwNdAoOFZ9MkPEVXczHwg==
  dependencies:
    esbuild "^0.24.2"
    postcss "^8.4.49"
    rollup "^4.23.0"
  optionalDependencies:
    fsevents "~2.3.3"

vscode-uri@^3.0.8:
  version "3.0.8"
  resolved "https://registry.yarnpkg.com/vscode-uri/-/vscode-uri-3.0.8.tgz#1770938d3e72588659a172d0fd4642780083ff9f"
  integrity sha512-AyFQ0EVmsOZOlAnxoFOGOq1SQDWAB7C6aqMGS23svWAllfOaxbuFvcT8D1i8z3Gyn8fraVeZNNmN6e9bxxXkKw==

vue-demi@^0.13.11:
  version "0.13.11"
  resolved "https://registry.yarnpkg.com/vue-demi/-/vue-demi-0.13.11.tgz#7d90369bdae8974d87b1973564ad390182410d99"
  integrity sha512-IR8HoEEGM65YY3ZJYAjMlKygDQn25D5ajNFNoKh9RSDMQtlzCxtfQjdQgv9jjK+m3377SsJXY8ysq8kLCZL25A==

vue-i18n@^11.0.1:
  version "11.0.1"
  resolved "https://registry.yarnpkg.com/vue-i18n/-/vue-i18n-11.0.1.tgz#aa4c20d6f7c127bc46028ae3325659be47dd338e"
  integrity sha512-pWAT8CusK8q9/EpN7V3oxwHwxWm6+Kp2PeTZmRGvdZTkUzMQDpbbmHp0TwQ8xw04XKm23cr6B4GL72y3W8Yekg==
  dependencies:
    "@intlify/core-base" "11.0.1"
    "@intlify/shared" "11.0.1"
    "@vue/devtools-api" "^6.5.0"

vue-router@^4.5.0:
  version "4.5.0"
  resolved "https://registry.yarnpkg.com/vue-router/-/vue-router-4.5.0.tgz#58fc5fe374e10b6018f910328f756c3dae081f14"
  integrity sha512-HDuk+PuH5monfNuY+ct49mNmkCRK4xJAV9Ts4z9UFc4rzdDnxQLyCMGGc8pKhZhHTVzfanpNwB/lwqevcBwI4w==
  dependencies:
    "@vue/devtools-api" "^6.6.4"

vue-tsc@^2.2.0:
  version "2.2.0"
  resolved "https://registry.yarnpkg.com/vue-tsc/-/vue-tsc-2.2.0.tgz#dd06c56636f760d7534b7a7a0f6669ba93c217b8"
  integrity sha512-gtmM1sUuJ8aSb0KoAFmK9yMxb8TxjewmxqTJ1aKphD5Cbu0rULFY6+UQT51zW7SpUcenfPUuflKyVwyx9Qdnxg==
  dependencies:
    "@volar/typescript" "~2.4.11"
    "@vue/language-core" "2.2.0"

vue@^3.5.13:
  version "3.5.13"
  resolved "https://registry.yarnpkg.com/vue/-/vue-3.5.13.tgz#9f760a1a982b09c0c04a867903fc339c9f29ec0a"
  integrity sha512-wmeiSMxkZCSc+PM2w2VRsOYAZC8GdipNFRTsLSfodVqI9mbejKeXEGr8SckuLnrQPGe3oJN5c3K0vpoU9q/wCQ==
  dependencies:
    "@vue/compiler-dom" "3.5.13"
    "@vue/compiler-sfc" "3.5.13"
    "@vue/runtime-dom" "3.5.13"
    "@vue/server-renderer" "3.5.13"
    "@vue/shared" "3.5.13"

yarn@^1.22.22:
  version "1.22.22"
  resolved "https://registry.yarnpkg.com/yarn/-/yarn-1.22.22.tgz#ac34549e6aa8e7ead463a7407e1c7390f61a6610"
  integrity sha512-prL3kGtyG7o9Z9Sv8IPfBNrWTDmXB4Qbes8A9rEzt6wkJV8mUvoirjU0Mp3GGAU06Y0XQyA3/2/RQFVuK7MTfg==
